
Microsoft Visual Studio Solution File, Format Version 12.00
# Visual Studio Version 16
VisualStudioVersion = 16.0.30413.136
MinimumVisualStudioVersion = 10.0.40219.1
Project("{FAE04EC0-301F-11D3-BF4B-00C04F79EFBC}") = "WpfUI", "WpfUI.csproj", "{1437184D-864C-4D38-BB7F-D2F954A20985}"
EndProject
Global
	GlobalSection(SolutionConfigurationPlatforms) = preSolution
		Debug|Any CPU = Debug|Any CPU
		Release|Any CPU = Release|Any CPU
	EndGlobalSection
	GlobalSection(ProjectConfigurationPlatforms) = postSolution
		{1437184D-864C-4D38-BB7F-D2F954A20985}.Debug|Any CPU.ActiveCfg = Debug|Any CPU
		{1437184D-864C-4D38-BB7F-D2F954A20985}.Debug|Any CPU.Build.0 = Debug|Any CPU
		{1437184D-864C-4D38-BB7F-D2F954A20985}.Release|Any CPU.ActiveCfg = Release|Any CPU
		{1437184D-864C-4D38-BB7F-D2F954A20985}.Release|Any CPU.Build.0 = Release|Any CPU
	EndGlobalSection
	GlobalSection(SolutionProperties) = preSolution
		HideSolutionNode = FALSE
	EndGlobalSection
	GlobalSection(ExtensibilityGlobals) = postSolution
		SolutionGuid = {6DC93399-B1FC-4870-8C64-7DDA5F475DF1}
	EndGlobalSection
EndGlobal
